// !$*UTF8*$!
{
	archiveVersion = 1;
	classes = {
	};
	objectVersion = 110;
	objects = {

/* Begin PBXBuildFile section */
		1BCCFE8D305CE0B800C1F434 /* Auth in Frameworks */ = {isa = PBXBuildFile; productRef = 1BCCFE8C305CE0B800C1F434 /* Auth */; };
		1BCCFE8F305CE0B800C1F434 /* Functions in Frameworks */ = {isa = PBXBuildFile; productRef = 1BCCFE8E305CE0B800C1F434 /* Functions */; };
		1BCCFE91305CE0B800C1F434 /* PostgREST in Frameworks */ = {isa = PBXBuildFile; productRef = 1BCCFE90305CE0B800C1F434 /* PostgREST */; };
		1BCCFE93305CE0B800C1F434 /* Realtime in Frameworks */ = {isa = PBXBuildFile; productRef = 1BCCFE92305CE0B800C1F434 /* Realtime */; };
		1BCCFE95305CE0B800C1F434 /* Storage in Frameworks */ = {isa = PBXBuildFile; productRef = 1BCCFE94305CE0B800C1F434 /* Storage */; };
		1BCCFE97305CE0B800C1F434 /* Supabase in Frameworks */ = {isa = PBXBuildFile; productRef = 1BCCFE96305CE0B800C1F434 /* Supabase */; };
/* End PBXBuildFile section */

/* Begin PBXContainerItemProxy section */
		1BCCFE71305CDFFA00C1F434 /* PBXContainerItemProxy */ = {
			isa = PBXContainerItemProxy;
			containerPortal = 1BCCFE59305CDFF900C1F434 /* Project object */;
			proxyType = 1;
			remoteGlobalIDString = 1BCCFE60305CDFF900C1F434;
			remoteInfo = Opportunity313;
		};
		1BCCFE7B305CDFFA00C1F434 /* PBXContainerItemProxy */ = {
			isa = PBXContainerItemProxy;
			containerPortal = 1BCCFE59305CDFF900C1F434 /* Project object */;
			proxyType = 1;
			remoteGlobalIDString = 1BCCFE60305CDFF900C1F434;
			remoteInfo = Opportunity313;
		};
/* End PBXContainerItemProxy section */

/* Begin PBXFileReference section */
		1BCCFE61305CDFF900C1F434 /* Opportunity313.app */ = {isa = PBXFileReference; explicitFileType = wrapper.application; includeInIndex = 0; path = Opportunity313.app; sourceTree = BUILT_PRODUCTS_DIR; };
		1BCCFE70305CDFFA00C1F434 /* Opportunity313Tests.xctest */ = {isa = PBXFileReference; explicitFileType = wrapper.cfbundle; includeInIndex = 0; path = Opportunity313Tests.xctest; sourceTree = BUILT_PRODUCTS_DIR; };
		1BCCFE7A305CDFFA00C1F434 /* Opportunity313UITests.xctest */ = {isa = PBXFileReference; explicitFileType = wrapper.cfbundle; includeInIndex = 0; path = Opportunity313UITests.xctest; sourceTree = BUILT_PRODUCTS_DIR; };
/* End PBXFileReference section */

/* Begin PBXFileSystemSynchronizedRootGroup section */
		1BCCFE63305CDFF900C1F434 /* Opportunity313 */ = {
			isa = PBXFileSystemSynchronizedRootGroup;
			path = Opportunity313;
			sourceTree = "<group>";
		};
		1BCCFE73305CDFFA00C1F434 /* Opportunity313Tests */ = {
			isa = PBXFileSystemSynchronizedRootGroup;
			path = Opportunity313Tests;
			sourceTree = "<group>";
		};
		1BCCFE7D305CDFFA00C1F434 /* Opportunity313UITests */ = {
			isa = PBXFileSystemSynchronizedRootGroup;
			path = Opportunity313UITests;
			sourceTree = "<group>";
		};
/* End PBXFileSystemSynchronizedRootGroup section */

/* Begin PBXFrameworksBuildPhase section */
		1BCCFE5E305CDFF900C1F434 /* Frameworks */ = {
			isa = PBXFrameworksBuildPhase;
			files = (
				1BCCFE91305CE0B800C1F434 /* PostgREST in Frameworks */,
				1BCCFE8F305CE0B800C1F434 /* Functions in Frameworks */,
				1BCCFE97305CE0B800C1F434 /* Supabase in Frameworks */,
				1BCCFE8D305CE0B800C1F434 /* Auth in Frameworks */,
				1BCCFE95305CE0B800C1F434 /* Storage in Frameworks */,
				1BCCFE93305CE0B800C1F434 /* Realtime in Frameworks */,
			);
		};
		1BCCFE6D305CDFFA00C1F434 /* Frameworks */ = {
			isa = PBXFrameworksBuildPhase;
			files = (
			);
		};
		1BCCFE77305CDFFA00C1F434 /* Frameworks */ = {
			isa = PBXFrameworksBuildPhase;
			files = (
			);
		};
/* End PBXFrameworksBuildPhase section */

/* Begin PBXGroup section */
		1BCCFE58305CDFF900C1F434 = {
			isa = PBXGroup;
			children = (
				1BCCFE63305CDFF900C1F434 /* Opportunity313 */,
				1BCCFE73305CDFFA00C1F434 /* Opportunity313Tests */,
				1BCCFE7D305CDFFA00C1F434 /* Opportunity313UITests */,
				1BCCFE62305CDFF900C1F434 /* Products */,
			);
			sourceTree = "<group>";
		};
		1BCCFE62305CDFF900C1F434 /* Products */ = {
			isa = PBXGroup;
			children = (
				1BCCFE61305CDFF900C1F434 /* Opportunity313.app */,
				1BCCFE70305CDFFA00C1F434 /* Opportunity313Tests.xctest */,
				1BCCFE7A305CDFFA00C1F434 /* Opportunity313UITests.xctest */,
			);
			name = Products;
			sourceTree = "<group>";
		};
/* End PBXGroup section */

/* Begin PBXNativeTarget section */
		1BCCFE60305CDFF900C1F434 /* Opportunity313 */ = {
			isa = PBXNativeTarget;
			buildConfigurationList = 1BCCFE82305CDFFA00C1F434 /* Build configuration list for PBXNativeTarget "Opportunity313" */;
			buildPhases = (
				1BCCFE5D305CDFF900C1F434 /* Sources */,
				1BCCFE5E305CDFF900C1F434 /* Frameworks */,
				1BCCFE5F305CDFF900C1F434 /* Resources */,
			);
			buildRules = (
			);
			fileSystemSynchronizedGroups = (
				1BCCFE63305CDFF900C1F434 /* Opportunity313 */,
			);
			name = Opportunity313;
			packageProductDependencies = (
				1BCCFE8C305CE0B800C1F434 /* Auth */,
				1BCCFE8E305CE0B800C1F434 /* Functions */,
				1BCCFE90305CE0B800C1F434 /* PostgREST */,
				1BCCFE92305CE0B800C1F434 /* Realtime */,
				1BCCFE94305CE0B800C1F434 /* Storage */,
				1BCCFE96305CE0B800C1F434 /* Supabase */,
			);
			productName = Opportunity313;
			productReference = 1BCCFE61305CDFF900C1F434 /* Opportunity313.app */;
			productType = "com.apple.product-type.application";
		};
		1BCCFE6F305CDFFA00C1F434 /* Opportunity313Tests */ = {
			isa = PBXNativeTarget;
			buildConfigurationList = 1BCCFE85305CDFFA00C1F434 /* Build configuration list for PBXNativeTarget "Opportunity313Tests" */;
			buildPhases = (
				1BCCFE6C305CDFFA00C1F434 /* Sources */,
				1BCCFE6D305CDFFA00C1F434 /* Frameworks */,
				1BCCFE6E305CDFFA00C1F434 /* Resources */,
			);
			buildRules = (
			);
			dependencies = (
				1BCCFE72305CDFFA00C1F434 /* PBXTargetDependency */,
			);
			fileSystemSynchronizedGroups = (
				1BCCFE73305CDFFA00C1F434 /* Opportunity313Tests */,
			);
			name = Opportunity313Tests;
			productName = Opportunity313Tests;
			productReference = 1BCCFE70305CDFFA00C1F434 /* Opportunity313Tests.xctest */;
			productType = "com.apple.product-type.bundle.unit-test";
		};
		1BCCFE79305CDFFA00C1F434 /* Opportunity313UITests */ = {
			isa = PBXNativeTarget;
			buildConfigurationList = 1BCCFE88305CDFFA00C1F434 /* Build configuration list for PBXNativeTarget "Opportunity313UITests" */;
			buildPhases = (
				1BCCFE76305CDFFA00C1F434 /* Sources */,
				1BCCFE77305CDFFA00C1F434 /* Frameworks */,
				1BCCFE78305CDFFA00C1F434 /* Resources */,
			);
			buildRules = (
			);
			dependencies = (
				1BCCFE7C305CDFFA00C1F434 /* PBXTargetDependency */,
			);
			fileSystemSynchronizedGroups = (
				1BCCFE7D305CDFFA00C1F434 /* Opportunity313UITests */,
			);
			name = Opportunity313UITests;
			productName = Opportunity313UITests;
			productReference = 1BCCFE7A305CDFFA00C1F434 /* Opportunity313UITests.xctest */;
			productType = "com.apple.product-type.bundle.ui-testing";
		};
/* End PBXNativeTarget section */

/* Begin PBXProject section */
		1BCCFE59305CDFF900C1F434 /* Project object */ = {
			isa = PBXProject;
			attributes = {
				BuildIndependentTargetsInParallel = 1;
				LastSwiftUpdateCheck = 2700;
				LastUpgradeCheck = 2700;
				TargetAttributes = {
					1BCCFE60305CDFF900C1F434 = {
						CreatedOnToolsVersion = 27.0;
					};
					1BCCFE6F305CDFFA00C1F434 = {
						CreatedOnToolsVersion = 27.0;
						TestTargetID = 1BCCFE60305CDFF900C1F434;
					};
					1BCCFE79305CDFFA00C1F434 = {
						CreatedOnToolsVersion = 27.0;
						TestTargetID = 1BCCFE60305CDFF900C1F434;
					};
				};
			};
			buildConfigurationList = 1BCCFE5C305CDFF900C1F434 /* Build configuration list for PBXProject "Opportunity313" */;
			developmentRegion = en;
			hasScannedForEncodings = 0;
			knownRegions = (
				en,
				Base,
			);
			mainGroup = 1BCCFE58305CDFF900C1F434;
			minimizedProjectReferenceProxies = 1;
			packageReferences = (
				1BCCFE8B305CE0B800C1F434 /* XCRemoteSwiftPackageReference "supabase-swift" */,
			);
			preferredProjectObjectVersion = 77;
			productRefGroup = 1BCCFE62305CDFF900C1F434 /* Products */;
			projectDirPath = "";
			projectRoot = "";
			targets = (
				1BCCFE60305CDFF900C1F434 /* Opportunity313 */,
				1BCCFE6F305CDFFA00C1F434 /* Opportunity313Tests */,
				1BCCFE79305CDFFA00C1F434 /* Opportunity313UITests */,
			);
		};
/* End PBXProject section */

/* Begin PBXResourcesBuildPhase section */
		1BCCFE5F305CDFF900C1F434 /* Resources */ = {
			isa = PBXResourcesBuildPhase;
			files = (
			);
		};
		1BCCFE6E305CDFFA00C1F434 /* Resources */ = {
			isa = PBXResourcesBuildPhase;
			files = (
			);
		};
		1BCCFE78305CDFFA00C1F434 /* Resources */ = {
			isa = PBXResourcesBuildPhase;
			files = (
			);
		};
/* End PBXResourcesBuildPhase section */

/* Begin PBXSourcesBuildPhase section */
		1BCCFE5D305CDFF900C1F434 /* Sources */ = {
			isa = PBXSourcesBuildPhase;
			files = (
			);
		};
		1BCCFE6C305CDFFA00C1F434 /* Sources */ = {
			isa = PBXSourcesBuildPhase;
			files = (
			);
		};
		1BCCFE76305CDFFA00C1F434 /* Sources */ = {
			isa = PBXSourcesBuildPhase;
			files = (
			);
		};
/* End PBXSourcesBuildPhase section */

/* Begin PBXTargetDependency section */
		1BCCFE72305CDFFA00C1F434 /* PBXTargetDependency */ = {
			isa = PBXTargetDependency;
			target = 1BCCFE60305CDFF900C1F434 /* Opportunity313 */;
			targetProxy = 1BCCFE71305CDFFA00C1F434 /* PBXContainerItemProxy */;
		};
		1BCCFE7C305CDFFA00C1F434 /* PBXTargetDependency */ = {
			isa = PBXTargetDependency;
			target = 1BCCFE60305CDFF900C1F434 /* Opportunity313 */;
			targetProxy = 1BCCFE7B305CDFFA00C1F434 /* PBXContainerItemProxy */;
		};
/* End PBXTargetDependency section */

/* Begin XCBuildConfiguration section */
		1BCCFE80305CDFFA00C1F434 /* Debug configuration for PBXProject "Opportunity313" */ = {
			isa = XCBuildConfiguration;
			buildSettings = {
				ALWAYS_SEARCH_USER_PATHS = NO;
				ASSETCATALOG_COMPILER_GENERATE_SWIFT_ASSET_SYMBOL_EXTENSIONS = YES;
				CLANG_ANALYZER_NONNULL = YES;
				CLANG_ANALYZER_NUMBER_OBJECT_CONVERSION = YES_AGGRESSIVE;
				CLANG_CXX_LANGUAGE_STANDARD = "gnu++20";
				CLANG_ENABLE_MODULES = YES;
				CLANG_ENABLE_OBJC_ARC = YES;
				CLANG_ENABLE_OBJC_WEAK = YES;
				CLANG_WARN_BLOCK_CAPTURE_AUTORELEASING = YES;
				CLANG_WARN_BOOL_CONVERSION = YES;
				CLANG_WARN_COMMA = YES;
				CLANG_WARN_CONSTANT_CONVERSION = YES;
				CLANG_WARN_DEPRECATED_OBJC_IMPLEMENTATIONS = YES;
				CLANG_WARN_DIRECT_OBJC_ISA_USAGE = YES_ERROR;
				CLANG_WARN_DOCUMENTATION_COMMENTS = YES;
				CLANG_WARN_EMPTY_BODY = YES;
				CLANG_WARN_ENUM_CONVERSION = YES;
				CLANG_WARN_INFINITE_RECURSION = YES;
				CLANG_WARN_INT_CONVERSION = YES;
				CLANG_WARN_NON_LITERAL_NULL_CONVERSION = YES;
				CLANG_WARN_OBJC_IMPLICIT_RETAIN_SELF = YES;
				CLANG_WARN_OBJC_LITERAL_CONVERSION = YES;
				CLANG_WARN_OBJC_ROOT_CLASS = YES_ERROR;
				CLANG_WARN_QUOTED_INCLUDE_IN_FRAMEWORK_HEADER = YES;
				CLANG_WARN_RANGE_LOOP_ANALYSIS = YES;
				CLANG_WARN_STRICT_PROTOTYPES = YES;
				CLANG_WARN_SUSPICIOUS_MOVE = YES;
				CLANG_WARN_UNGUARDED_AVAILABILITY = YES_AGGRESSIVE;
				CLANG_WARN_UNREACHABLE_CODE = YES;
				CLANG_WARN__DUPLICATE_METHOD_MATCH = YES;
				COPY_PHASE_STRIP = NO;
				DEBUG_INFORMATION_FORMAT = dwarf;
				DEVELOPMENT_TEAM = QCXT66T4DU;
				ENABLE_STRICT_OBJC_MSGSEND = YES;
				ENABLE_TESTABILITY = YES;
				ENABLE_USER_SCRIPT_SANDBOXING = YES;
				GCC_C_LANGUAGE_STANDARD = gnu17;
				GCC_DYNAMIC_NO_PIC = NO;
				GCC_NO_COMMON_BLOCKS = YES;
				GCC_OPTIMIZATION_LEVEL = 0;
				GCC_PREPROCESSOR_DEFINITIONS = (
					"DEBUG=1",
					"$(inherited)",
				);
				GCC_WARN_64_TO_32_BIT_CONVERSION = YES;
				GCC_WARN_ABOUT_RETURN_TYPE = YES_ERROR;
				GCC_WARN_UNDECLARED_SELECTOR = YES;
				GCC_WARN_UNINITIALIZED_AUTOS = YES_AGGRESSIVE;
				GCC_WARN_UNUSED_FUNCTION = YES;
				GCC_WARN_UNUSED_VARIABLE = YES;
				IPHONEOS_DEPLOYMENT_TARGET = 27.0;
				LOCALIZATION_PREFERS_STRING_CATALOGS = YES;
				MTL_ENABLE_DEBUG_INFO = INCLUDE_SOURCE;
				MTL_FAST_MATH = YES;
				ONLY_ACTIVE_ARCH = YES;
				SDKROOT = iphoneos;
				SWIFT_ACTIVE_COMPILATION_CONDITIONS = "DEBUG $(inherited)";
				SWIFT_OPTIMIZATION_LEVEL = "-Onone";
			};
			name = Debug;
		};
		1BCCFE81305CDFFA00C1F434 /* Release configuration for PBXProject "Opportunity313" */ = {
			isa = XCBuildConfiguration;
			buildSettings = {
				ALWAYS_SEARCH_USER_PATHS = NO;
				ASSETCATALOG_COMPILER_GENERATE_SWIFT_ASSET_SYMBOL_EXTENSIONS = YES;
				CLANG_ANALYZER_NONNULL = YES;
				CLANG_ANALYZER_NUMBER_OBJECT_CONVERSION = YES_AGGRESSIVE;
				CLANG_CXX_LANGUAGE_STANDARD = "gnu++20";
				CLANG_ENABLE_MODULES = YES;
				CLANG_ENABLE_OBJC_ARC = YES;
				CLANG_ENABLE_OBJC_WEAK = YES;
				CLANG_WARN_BLOCK_CAPTURE_AUTORELEASING = YES;
				CLANG_WARN_BOOL_CONVERSION = YES;
				CLANG_WARN_COMMA = YES;
				CLANG_WARN_CONSTANT_CONVERSION = YES;
				CLANG_WARN_DEPRECATED_OBJC_IMPLEMENTATIONS = YES;
				CLANG_WARN_DIRECT_OBJC_ISA_USAGE = YES_ERROR;
				CLANG_WARN_DOCUMENTATION_COMMENTS = YES;
				CLANG_WARN_EMPTY_BODY = YES;
				CLANG_WARN_ENUM_CONVERSION = YES;
				CLANG_WARN_INFINITE_RECURSION = YES;
				CLANG_WARN_INT_CONVERSION = YES;
				CLANG_WARN_NON_LITERAL_NULL_CONVERSION = YES;
				CLANG_WARN_OBJC_IMPLICIT_RETAIN_SELF = YES;
				CLANG_WARN_OBJC_LITERAL_CONVERSION = YES;
				CLANG_WARN_OBJC_ROOT_CLASS = YES_ERROR;
				CLANG_WARN_QUOTED_INCLUDE_IN_FRAMEWORK_HEADER = YES;
				CLANG_WARN_RANGE_LOOP_ANALYSIS = YES;
				CLANG_WARN_STRICT_PROTOTYPES = YES;
				CLANG_WARN_SUSPICIOUS_MOVE = YES;
				CLANG_WARN_UNGUARDED_AVAILABILITY = YES_AGGRESSIVE;
				CLANG_WARN_UNREACHABLE_CODE = YES;
				CLANG_WARN__DUPLICATE_METHOD_MATCH = YES;
				COPY_PHASE_STRIP = NO;
				DEBUG_INFORMATION_FORMAT = "dwarf-with-dsym";
				DEVELOPMENT_TEAM = QCXT66T4DU;
				ENABLE_NS_ASSERTIONS = NO;
				ENABLE_STRICT_OBJC_MSGSEND = YES;
				ENABLE_USER_SCRIPT_SANDBOXING = YES;
				GCC_C_LANGUAGE_STANDARD = gnu17;
				GCC_NO_COMMON_BLOCKS = YES;
				GCC_WARN_64_TO_32_BIT_CONVERSION = YES;
				GCC_WARN_ABOUT_RETURN_TYPE = YES_ERROR;
				GCC_WARN_UNDECLARED_SELECTOR = YES;
				GCC_WARN_UNINITIALIZED_AUTOS = YES_AGGRESSIVE;
				GCC_WARN_UNUSED_FUNCTION = YES;
				GCC_WARN_UNUSED_VARIABLE = YES;
				IPHONEOS_DEPLOYMENT_TARGET = 27.0;
				LOCALIZATION_PREFERS_STRING_CATALOGS = YES;
				MTL_ENABLE_DEBUG_INFO = NO;
				MTL_FAST_MATH = YES;
				SDKROOT = iphoneos;
				SWIFT_COMPILATION_MODE = wholemodule;
				VALIDATE_PRODUCT = YES;
			};
			name = Release;
		};
		1BCCFE83305CDFFA00C1F434 /* Debug configuration for PBXNativeTarget "Opportunity313" */ = {
			isa = XCBuildConfiguration;
			buildSettings = {
				ASSETCATALOG_COMPILER_APPICON_NAME = AppIcon;
				ASSETCATALOG_COMPILER_GLOBAL_ACCENT_COLOR_NAME = AccentColor;
				CODE_SIGN_STYLE = Automatic;
				CURRENT_PROJECT_VERSION = 1;
				DEVELOPMENT_TEAM = QCXT66T4DU;
				ENABLE_PREVIEWS = YES;
				GENERATE_INFOPLIST_FILE = YES;
				INFOPLIST_KEY_UIApplicationSceneManifest_Generation = YES;
				INFOPLIST_KEY_UIApplicationSupportsIndirectInputEvents = YES;
				INFOPLIST_KEY_UILaunchScreen_Generation = YES;
				INFOPLIST_KEY_UISupportedInterfaceOrientations_iPad = "UIInterfaceOrientationPortrait UIInterfaceOrientationPortraitUpsideDown UIInterfaceOrientationLandscapeLeft UIInterfaceOrientationLandscapeRight";
				INFOPLIST_KEY_UISupportedInterfaceOrientations_iPhone = "UIInterfaceOrientationPortrait UIInterfaceOrientationLandscapeLeft UIInterfaceOrientationLandscapeRight";
				LD_RUNPATH_SEARCH_PATHS = (
					"$(inherited)",
					"@executable_path/Frameworks",
				);
				MARKETING_VERSION = 1.0;
				PRODUCT_BUNDLE_IDENTIFIER = com.Kevin.Opportunity313;
				PRODUCT_NAME = "$(TARGET_NAME)";
				STRING_CATALOG_GENERATE_SYMBOLS = YES;
				SWIFT_APPROACHABLE_CONCURRENCY = YES;
				SWIFT_EMIT_LOC_STRINGS = YES;
				SWIFT_UPCOMING_FEATURE_MEMBER_IMPORT_VISIBILITY = YES;
				SWIFT_VERSION = 5.0;
				TARGETED_DEVICE_FAMILY = "1,2";
			};
			name = Debug;
		};
		1BCCFE84305CDFFA00C1F434 /* Release configuration for PBXNativeTarget "Opportunity313" */ = {
			isa = XCBuildConfiguration;
			buildSettings = {
				ASSETCATALOG_COMPILER_APPICON_NAME = AppIcon;
				ASSETCATALOG_COMPILER_GLOBAL_ACCENT_COLOR_NAME = AccentColor;
				CODE_SIGN_STYLE = Automatic;
				CURRENT_PROJECT_VERSION = 1;
				DEVELOPMENT_TEAM = QCXT66T4DU;
				ENABLE_PREVIEWS = YES;
				GENERATE_INFOPLIST_FILE = YES;
				INFOPLIST_KEY_UIApplicationSceneManifest_Generation = YES;
				INFOPLIST_KEY_UIApplicationSupportsIndirectInputEvents = YES;
				INFOPLIST_KEY_UILaunchScreen_Generation = YES;
				INFOPLIST_KEY_UISupportedInterfaceOrientations_iPad = "UIInterfaceOrientationPortrait UIInterfaceOrientationPortraitUpsideDown UIInterfaceOrientationLandscapeLeft UIInterfaceOrientationLandscapeRight";
				INFOPLIST_KEY_UISupportedInterfaceOrientations_iPhone = "UIInterfaceOrientationPortrait UIInterfaceOrientationLandscapeLeft UIInterfaceOrientationLandscapeRight";
				LD_RUNPATH_SEARCH_PATHS = (
					"$(inherited)",
					"@executable_path/Frameworks",
				);
				MARKETING_VERSION = 1.0;
				PRODUCT_BUNDLE_IDENTIFIER = com.Kevin.Opportunity313;
				PRODUCT_NAME = "$(TARGET_NAME)";
				STRING_CATALOG_GENERATE_SYMBOLS = YES;
				SWIFT_APPROACHABLE_CONCURRENCY = YES;
				SWIFT_EMIT_LOC_STRINGS = YES;
				SWIFT_UPCOMING_FEATURE_MEMBER_IMPORT_VISIBILITY = YES;
				SWIFT_VERSION = 5.0;
				TARGETED_DEVICE_FAMILY = "1,2";
			};
			name = Release;
		};
		1BCCFE86305CDFFA00C1F434 /* Debug configuration for PBXNativeTarget "Opportunity313Tests" */ = {
			isa = XCBuildConfiguration;
			buildSettings = {
				BUNDLE_LOADER = "$(TEST_HOST)";
				CODE_SIGN_STYLE = Automatic;
				CURRENT_PROJECT_VERSION = 1;
				DEVELOPMENT_TEAM = QCXT66T4DU;
				GENERATE_INFOPLIST_FILE = YES;
				IPHONEOS_DEPLOYMENT_TARGET = 27.0;
				MARKETING_VERSION = 1.0;
				PRODUCT_BUNDLE_IDENTIFIER = com.Kevin.Opportunity313Tests;
				PRODUCT_NAME = "$(TARGET_NAME)";
				STRING_CATALOG_GENERATE_SYMBOLS = NO;
				SWIFT_APPROACHABLE_CONCURRENCY = YES;
				SWIFT_EMIT_LOC_STRINGS = NO;
				SWIFT_UPCOMING_FEATURE_MEMBER_IMPORT_VISIBILITY = YES;
				SWIFT_VERSION = 5.0;
				TARGETED_DEVICE_FAMILY = "1,2";
				TEST_HOST = "$(BUILT_PRODUCTS_DIR)/Opportunity313.app/$(BUNDLE_EXECUTABLE_FOLDER_PATH)/Opportunity313";
			};
			name = Debug;
		};
		1BCCFE87305CDFFA00C1F434 /* Release configuration for PBXNativeTarget "Opportunity313Tests" */ = {
			isa = XCBuildConfiguration;
			buildSettings = {
				BUNDLE_LOADER = "$(TEST_HOST)";
				CODE_SIGN_STYLE = Automatic;
				CURRENT_PROJECT_VERSION = 1;
				DEVELOPMENT_TEAM = QCXT66T4DU;
				GENERATE_INFOPLIST_FILE = YES;
				IPHONEOS_DEPLOYMENT_TARGET = 27.0;
				MARKETING_VERSION = 1.0;
				PRODUCT_BUNDLE_IDENTIFIER = com.Kevin.Opportunity313Tests;
				PRODUCT_NAME = "$(TARGET_NAME)";
				STRING_CATALOG_GENERATE_SYMBOLS = NO;
				SWIFT_APPROACHABLE_CONCURRENCY = YES;
				SWIFT_EMIT_LOC_STRINGS = NO;
				SWIFT_UPCOMING_FEATURE_MEMBER_IMPORT_VISIBILITY = YES;
				SWIFT_VERSION = 5.0;
				TARGETED_DEVICE_FAMILY = "1,2";
				TEST_HOST = "$(BUILT_PRODUCTS_DIR)/Opportunity313.app/$(BUNDLE_EXECUTABLE_FOLDER_PATH)/Opportunity313";
			};
			name = Release;
		};
		1BCCFE89305CDFFA00C1F434 /* Debug configuration for PBXNativeTarget "Opportunity313UITests" */ = {
			isa = XCBuildConfiguration;
			buildSettings = {
				CODE_SIGN_STYLE = Automatic;
				CURRENT_PROJECT_VERSION = 1;
				DEVELOPMENT_TEAM = QCXT66T4DU;
				GENERATE_INFOPLIST_FILE = YES;
				MARKETING_VERSION = 1.0;
				PRODUCT_BUNDLE_IDENTIFIER = com.Kevin.Opportunity313UITests;
				PRODUCT_NAME = "$(TARGET_NAME)";
				STRING_CATALOG_GENERATE_SYMBOLS = NO;
				SWIFT_APPROACHABLE_CONCURRENCY = YES;
				SWIFT_EMIT_LOC_STRINGS = NO;
				SWIFT_UPCOMING_FEATURE_MEMBER_IMPORT_VISIBILITY = YES;
				SWIFT_VERSION = 5.0;
				TARGETED_DEVICE_FAMILY = "1,2";
				TEST_TARGET_NAME = Opportunity313;
			};
			name = Debug;
		};
		1BCCFE8A305CDFFA00C1F434 /* Release configuration for PBXNativeTarget "Opportunity313UITests" */ = {
			isa = XCBuildConfiguration;
			buildSettings = {
				CODE_SIGN_STYLE = Automatic;
				CURRENT_PROJECT_VERSION = 1;
				DEVELOPMENT_TEAM = QCXT66T4DU;
				GENERATE_INFOPLIST_FILE = YES;
				MARKETING_VERSION = 1.0;
				PRODUCT_BUNDLE_IDENTIFIER = com.Kevin.Opportunity313UITests;
				PRODUCT_NAME = "$(TARGET_NAME)";
				STRING_CATALOG_GENERATE_SYMBOLS = NO;
				SWIFT_APPROACHABLE_CONCURRENCY = YES;
				SWIFT_EMIT_LOC_STRINGS = NO;
				SWIFT_UPCOMING_FEATURE_MEMBER_IMPORT_VISIBILITY = YES;
				SWIFT_VERSION = 5.0;
				TARGETED_DEVICE_FAMILY = "1,2";
				TEST_TARGET_NAME = Opportunity313;
			};
			name = Release;
		};
/* End XCBuildConfiguration section */

/* Begin XCConfigurationList section */
		1BCCFE5C305CDFF900C1F434 /* Build configuration list for PBXProject "Opportunity313" */ = {
			isa = XCConfigurationList;
			buildConfigurations = (
				1BCCFE80305CDFFA00C1F434 /* Debug configuration for PBXProject "Opportunity313" */,
				1BCCFE81305CDFFA00C1F434 /* Release configuration for PBXProject "Opportunity313" */,
			);
			defaultConfigurationName = Release;
		};
		1BCCFE82305CDFFA00C1F434 /* Build configuration list for PBXNativeTarget "Opportunity313" */ = {
			isa = XCConfigurationList;
			buildConfigurations = (
				1BCCFE83305CDFFA00C1F434 /* Debug configuration for PBXNativeTarget "Opportunity313" */,
				1BCCFE84305CDFFA00C1F434 /* Release configuration for PBXNativeTarget "Opportunity313" */,
			);
			defaultConfigurationName = Release;
		};
		1BCCFE85305CDFFA00C1F434 /* Build configuration list for PBXNativeTarget "Opportunity313Tests" */ = {
			isa = XCConfigurationList;
			buildConfigurations = (
				1BCCFE86305CDFFA00C1F434 /* Debug configuration for PBXNativeTarget "Opportunity313Tests" */,
				1BCCFE87305CDFFA00C1F434 /* Release configuration for PBXNativeTarget "Opportunity313Tests" */,
			);
			defaultConfigurationName = Release;
		};
		1BCCFE88305CDFFA00C1F434 /* Build configuration list for PBXNativeTarget "Opportunity313UITests" */ = {
			isa = XCConfigurationList;
			buildConfigurations = (
				1BCCFE89305CDFFA00C1F434 /* Debug configuration for PBXNativeTarget "Opportunity313UITests" */,
				1BCCFE8A305CDFFA00C1F434 /* Release configuration for PBXNativeTarget "Opportunity313UITests" */,
			);
			defaultConfigurationName = Release;
		};
/* End XCConfigurationList section */

/* Begin XCRemoteSwiftPackageReference section */
		1BCCFE8B305CE0B800C1F434 /* XCRemoteSwiftPackageReference "supabase-swift" */ = {
			isa = XCRemoteSwiftPackageReference;
			repositoryURL = "https://github.com/supabase/supabase-swift";
			requirement = {
				kind = upToNextMajorVersion;
				minimumVersion = 2.5.1;
			};
		};
/* End XCRemoteSwiftPackageReference section */

/* Begin XCSwiftPackageProductDependency section */
		1BCCFE8C305CE0B800C1F434 /* Auth */ = {
			isa = XCSwiftPackageProductDependency;
			package = 1BCCFE8B305CE0B800C1F434 /* XCRemoteSwiftPackageReference "supabase-swift" */;
			productName = Auth;
		};
		1BCCFE8E305CE0B800C1F434 /* Functions */ = {
			isa = XCSwiftPackageProductDependency;
			package = 1BCCFE8B305CE0B800C1F434 /* XCRemoteSwiftPackageReference "supabase-swift" */;
			productName = Functions;
		};
		1BCCFE90305CE0B800C1F434 /* PostgREST */ = {
			isa = XCSwiftPackageProductDependency;
			package = 1BCCFE8B305CE0B800C1F434 /* XCRemoteSwiftPackageReference "supabase-swift" */;
			productName = PostgREST;
		};
		1BCCFE92305CE0B800C1F434 /* Realtime */ = {
			isa = XCSwiftPackageProductDependency;
			package = 1BCCFE8B305CE0B800C1F434 /* XCRemoteSwiftPackageReference "supabase-swift" */;
			productName = Realtime;
		};
		1BCCFE94305CE0B800C1F434 /* Storage */ = {
			isa = XCSwiftPackageProductDependency;
			package = 1BCCFE8B305CE0B800C1F434 /* XCRemoteSwiftPackageReference "supabase-swift" */;
			productName = Storage;
		};
		1BCCFE96305CE0B800C1F434 /* Supabase */ = {
			isa = XCSwiftPackageProductDependency;
			package = 1BCCFE8B305CE0B800C1F434 /* XCRemoteSwiftPackageReference "supabase-swift" */;
			productName = Supabase;
		};
/* End XCSwiftPackageProductDependency section */
	};
	rootObject = 1BCCFE59305CDFF900C1F434 /* Project object */;
	validationLevel = 1;
}
